// !$*UTF8*$!
{
	archiveVersion = 1;
	classes = {
	};
	objectVersion = 50;
	objects = {

/* Begin PBXBuildFile section */
		F0CDC7D9257E56D400A70769 /* DetailView.swift in Sources */ = {isa = PBXBuildFile; fileRef = F0CDC7D8257E56D400A70769 /* DetailView.swift */; };
		F0CDC7DC257E5BF200A70769 /* WebView.swift in Sources */ = {isa = PBXBuildFile; fileRef = F0CDC7DB257E5BF200A70769 /* WebView.swift */; };
		F0E22CD0257ABDF200D7A499 /* AppDelegate.swift in Sources */ = {isa = PBXBuildFile; fileRef = F0E22CCF257ABDF200D7A499 /* AppDelegate.swift */; };
		F0E22CD2257ABDF200D7A499 /* SceneDelegate.swift in Sources */ = {isa = PBXBuildFile; fileRef = F0E22CD1257ABDF200D7A499 /* SceneDelegate.swift */; };
		F0E22CD4257ABDF200D7A499 /* ContentView.swift in Sources */ = {isa = PBXBuildFile; fileRef = F0E22CD3257ABDF200D7A499 /* ContentView.swift */; };
		F0E22CD6257ABDF300D7A499 /* Assets.xcassets in Resources */ = {isa = PBXBuildFile; fileRef = F0E22CD5257ABDF300D7A499 /* Assets.xcassets */; };
		F0E22CD9257ABDF300D7A499 /* Preview Assets.xcassets in Resources */ = {isa = PBXBuildFile; fileRef = F0E22CD8257ABDF300D7A499 /* Preview Assets.xcassets */; };
		F0E22CDC257ABDF300D7A499 /* LaunchScreen.storyboard in Resources */ = {isa = PBXBuildFile; fileRef = F0E22CDA257ABDF300D7A499 /* LaunchScreen.storyboard */; };
		F0E22CE6257ADAA200D7A499 /* NetworkManager.swift in Sources */ = {isa = PBXBuildFile; fileRef = F0E22CE5257ADAA200D7A499 /* NetworkManager.swift */; };
		F0E22CEA257AE1C300D7A499 /* PostData.swift in Sources */ = {isa = PBXBuildFile; fileRef = F0E22CE9257AE1C300D7A499 /* PostData.swift */; };
/* End PBXBuildFile section */

/* Begin PBXFileReference section */
		F0CDC7D8257E56D400A70769 /* DetailView.swift */ = {isa = PBXFileReference; lastKnownFileType = sourcecode.swift; path = DetailView.swift; sourceTree = "<group>"; };
		F0CDC7DB257E5BF200A70769 /* WebView.swift */ = {isa = PBXFileReference; lastKnownFileType = sourcecode.swift; name = WebView.swift; path = ../../../../../../../Desktop/WebView.swift; sourceTree = "<group>"; };
		F0CDC7DF257E669200A70769 /* H4X0R_News.entitlements */ = {isa = PBXFileReference; lastKnownFileType = text.plist.entitlements; path = H4X0R_News.entitlements; sourceTree = "<group>"; };
		F0E22CCC257ABDF200D7A499 /* H4X0R_News.app */ = {isa = PBXFileReference; explicitFileType = wrapper.application; includeInIndex = 0; path = H4X0R_News.app; sourceTree = BUILT_PRODUCTS_DIR; };
		F0E22CCF257ABDF200D7A499 /* AppDelegate.swift */ = {isa = PBXFileReference; lastKnownFileType = sourcecode.swift; path = AppDelegate.swift; sourceTree = "<group>"; };
		F0E22CD1257ABDF200D7A499 /* SceneDelegate.swift */ = {isa = PBXFileReference; lastKnownFileType = sourcecode.swift; path = SceneDelegate.swift; sourceTree = "<group>"; };
		F0E22CD3257ABDF200D7A499 /* ContentView.swift */ = {isa = PBXFileReference; lastKnownFileType = sourcecode.swift; path = ContentView.swift; sourceTree = "<group>"; };
		F0E22CD5257ABDF300D7A499 /* Assets.xcassets */ = {isa = PBXFileReference; lastKnownFileType = folder.assetcatalog; path = Assets.xcassets; sourceTree = "<group>"; };
		F0E22CD8257ABDF300D7A499 /* Preview Assets.xcassets */ = {isa = PBXFileReference; lastKnownFileType = folder.assetcatalog; path = "Preview Assets.xcassets"; sourceTree = "<group>"; };
		F0E22CDB257ABDF300D7A499 /* Base */ = {isa = PBXFileReference; lastKnownFileType = file.storyboard; name = Base; path = Base.lproj/LaunchScreen.storyboard; sourceTree = "<group>"; };
		F0E22CDD257ABDF300D7A499 /* Info.plist */ = {isa = PBXFileReference; lastKnownFileType = text.plist.xml; path = Info.plist; sourceTree = "<group>"; };
		F0E22CE5257ADAA200D7A499 /* NetworkManager.swift */ = {isa = PBXFileReference; lastKnownFileType = sourcecode.swift; path = NetworkManager.swift; sourceTree = "<group>"; };
		F0E22CE9257AE1C300D7A499 /* PostData.swift */ = {isa = PBXFileReference; lastKnownFileType = sourcecode.swift; path = PostData.swift; sourceTree = "<group>"; };
/* End PBXFileReference section */

/* Begin PBXFrameworksBuildPhase section */
		F0E22CC9257ABDF200D7A499 /* Frameworks */ = {
			isa = PBXFrameworksBuildPhase;
			buildActionMask = 2147483647;
			files = (
			);
			runOnlyForDeploymentPostprocessing = 0;
		};
/* End PBXFrameworksBuildPhase section */

/* Begin PBXGroup section */
		F0CDC7D6257E569600A70769 /*  Views */ = {
			isa = PBXGroup;
			children = (
				F0E22CD3257ABDF200D7A499 /* ContentView.swift */,
				F0CDC7D8257E56D400A70769 /* DetailView.swift */,
				F0CDC7DB257E5BF200A70769 /* WebView.swift */,
			);
			path = " Views";
			sourceTree = "<group>";
		};
		F0E22CC3257ABDF200D7A499 = {
			isa = PBXGroup;
			children = (
				F0E22CE4257ADA8900D7A499 /* Models */,
				F0E22CCE257ABDF200D7A499 /* H4X0R_News */,
				F0E22CCD257ABDF200D7A499 /* Products */,
			);
			sourceTree = "<group>";
		};
		F0E22CCD257ABDF200D7A499 /* Products */ = {
			isa = PBXGroup;
			children = (
				F0E22CCC257ABDF200D7A499 /* H4X0R_News.app */,
			);
			name = Products;
			sourceTree = "<group>";
		};
		F0E22CCE257ABDF200D7A499 /* H4X0R_News */ = {
			isa = PBXGroup;
			children = (
				F0CDC7DF257E669200A70769 /* H4X0R_News.entitlements */,
				F0E22CCF257ABDF200D7A499 /* AppDelegate.swift */,
				F0E22CD1257ABDF200D7A499 /* SceneDelegate.swift */,
				F0CDC7D6257E569600A70769 /*  Views */,
				F0E22CD5257ABDF300D7A499 /* Assets.xcassets */,
				F0E22CDA257ABDF300D7A499 /* LaunchScreen.storyboard */,
				F0E22CDD257ABDF300D7A499 /* Info.plist */,
				F0E22CD7257ABDF300D7A499 /* Preview Content */,
			);
			path = H4X0R_News;
			sourceTree = "<group>";
		};
		F0E22CD7257ABDF300D7A499 /* Preview Content */ = {
			isa = PBXGroup;
			children = (
				F0E22CD8257ABDF300D7A499 /* Preview Assets.xcassets */,
			);
			path = "Preview Content";
			sourceTree = "<group>";
		};
		F0E22CE4257ADA8900D7A499 /* Models */ = {
			isa = PBXGroup;
			children = (
				F0E22CE5257ADAA200D7A499 /* NetworkManager.swift */,
				F0E22CE9257AE1C300D7A499 /* PostData.swift */,
			);
			path = Models;
			sourceTree = "<group>";
		};
/* End PBXGroup section */

/* Begin PBXNativeTarget section */
		F0E22CCB257ABDF200D7A499 /* H4X0R_News */ = {
			isa = PBXNativeTarget;
			buildConfigurationList = F0E22CE0257ABDF300D7A499 /* Build configuration list for PBXNativeTarget "H4X0R_News" */;
			buildPhases = (
				F0E22CC8257ABDF200D7A499 /* Sources */,
				F0E22CC9257ABDF200D7A499 /* Frameworks */,
				F0E22CCA257ABDF200D7A499 /* Resources */,
			);
			buildRules = (
			);
			dependencies = (
			);
			name = H4X0R_News;
			productName = H4X0R_News;
			productReference = F0E22CCC257ABDF200D7A499 /* H4X0R_News.app */;
			productType = "com.apple.product-type.application";
		};
/* End PBXNativeTarget section */

/* Begin PBXProject section */
		F0E22CC4257ABDF200D7A499 /* Project object */ = {
			isa = PBXProject;
			attributes = {
				LastSwiftUpdateCheck = 1220;
				LastUpgradeCheck = 1220;
				TargetAttributes = {
					F0E22CCB257ABDF200D7A499 = {
						CreatedOnToolsVersion = 12.2;
					};
				};
			};
			buildConfigurationList = F0E22CC7257ABDF200D7A499 /* Build configuration list for PBXProject "H4X0R_News" */;
			compatibilityVersion = "Xcode 9.3";
			developmentRegion = en;
			hasScannedForEncodings = 0;
			knownRegions = (
				en,
				Base,
			);
			mainGroup = F0E22CC3257ABDF200D7A499;
			productRefGroup = F0E22CCD257ABDF200D7A499 /* Products */;
			projectDirPath = "";
			projectRoot = "";
			targets = (
				F0E22CCB257ABDF200D7A499 /* H4X0R_News */,
			);
		};
/* End PBXProject section */

/* Begin PBXResourcesBuildPhase section */
		F0E22CCA257ABDF200D7A499 /* Resources */ = {
			isa = PBXResourcesBuildPhase;
			buildActionMask = 2147483647;
			files = (
				F0E22CDC257ABDF300D7A499 /* LaunchScreen.storyboard in Resources */,
				F0E22CD9257ABDF300D7A499 /* Preview Assets.xcassets in Resources */,
				F0E22CD6257ABDF300D7A499 /* Assets.xcassets in Resources */,
			);
			runOnlyForDeploymentPostprocessing = 0;
		};
/* End PBXResourcesBuildPhase section */

/* Begin PBXSourcesBuildPhase section */
		F0E22CC8257ABDF200D7A499 /* Sources */ = {
			isa = PBXSourcesBuildPhase;
			buildActionMask = 2147483647;
			files = (
				F0E22CEA257AE1C300D7A499 /* PostData.swift in Sources */,
				F0CDC7D9257E56D400A70769 /* DetailView.swift in Sources */,
				F0E22CE6257ADAA200D7A499 /* NetworkManager.swift in Sources */,
				F0E22CD0257ABDF200D7A499 /* AppDelegate.swift in Sources */,
				F0E22CD2257ABDF200D7A499 /* SceneDelegate.swift in Sources */,
				F0E22CD4257ABDF200D7A499 /* ContentView.swift in Sources */,
				F0CDC7DC257E5BF200A70769 /* WebView.swift in Sources */,
			);
			runOnlyForDeploymentPostprocessing = 0;
		};
/* End PBXSourcesBuildPhase section */

/* Begin PBXVariantGroup section */
		F0E22CDA257ABDF300D7A499 /* LaunchScreen.storyboard */ = {
			isa = PBXVariantGroup;
			children = (
				F0E22CDB257ABDF300D7A499 /* Base */,
			);
			name = LaunchScreen.storyboard;
			sourceTree = "<group>";
		};
/* End PBXVariantGroup section */

/* Begin XCBuildConfiguration section */
		F0E22CDE257ABDF300D7A499 /* Debug */ = {
			isa = XCBuildConfiguration;
			buildSettings = {
				ALWAYS_SEARCH_USER_PATHS = NO;
				CLANG_ANALYZER_NONNULL = YES;
				CLANG_ANALYZER_NUMBER_OBJECT_CONVERSION = YES_AGGRESSIVE;
				CLANG_CXX_LANGUAGE_STANDARD = "gnu++14";
				CLANG_CXX_LIBRARY = "libc++";
				CLANG_ENABLE_MODULES = YES;
				CLANG_ENABLE_OBJC_ARC = YES;
				CLANG_ENABLE_OBJC_WEAK = YES;
				CLANG_WARN_BLOCK_CAPTURE_AUTORELEASING = YES;
				CLANG_WARN_BOOL_CONVERSION = YES;
				CLANG_WARN_COMMA = YES;
				CLANG_WARN_CONSTANT_CONVERSION = YES;
				CLANG_WARN_DEPRECATED_OBJC_IMPLEMENTATIONS = YES;
				CLANG_WARN_DIRECT_OBJC_ISA_USAGE = YES_ERROR;
				CLANG_WARN_DOCUMENTATION_COMMENTS = YES;
				CLANG_WARN_EMPTY_BODY = YES;
				CLANG_WARN_ENUM_CONVERSION = YES;
				CLANG_WARN_INFINITE_RECURSION = YES;
				CLANG_WARN_INT_CONVERSION = YES;
				CLANG_WARN_NON_LITERAL_NULL_CONVERSION = YES;
				CLANG_WARN_OBJC_IMPLICIT_RETAIN_SELF = YES;
				CLANG_WARN_OBJC_LITERAL_CONVERSION = YES;
				CLANG_WARN_OBJC_ROOT_CLASS = YES_ERROR;
				CLANG_WARN_QUOTED_INCLUDE_IN_FRAMEWORK_HEADER = YES;
				CLANG_WARN_RANGE_LOOP_ANALYSIS = YES;
				CLANG_WARN_STRICT_PROTOTYPES = YES;
				CLANG_WARN_SUSPICIOUS_MOVE = YES;
				CLANG_WARN_UNGUARDED_AVAILABILITY = YES_AGGRESSIVE;
				CLANG_WARN_UNREACHABLE_CODE = YES;
				CLANG_WARN__DUPLICATE_METHOD_MATCH = YES;
				COPY_PHASE_STRIP = NO;
				DEBUG_INFORMATION_FORMAT = dwarf;
				ENABLE_STRICT_OBJC_MSGSEND = YES;
				ENABLE_TESTABILITY = YES;
				GCC_C_LANGUAGE_STANDARD = gnu11;
				GCC_DYNAMIC_NO_PIC = NO;
				GCC_NO_COMMON_BLOCKS = YES;
				GCC_OPTIMIZATION_LEVEL = 0;
				GCC_PREPROCESSOR_DEFINITIONS = (
					"DEBUG=1",
					"$(inherited)",
				);
				GCC_WARN_64_TO_32_BIT_CONVERSION = YES;
				GCC_WARN_ABOUT_RETURN_TYPE = YES_ERROR;
				GCC_WARN_UNDECLARED_SELECTOR = YES;
				GCC_WARN_UNINITIALIZED_AUTOS = YES_AGGRESSIVE;
				GCC_WARN_UNUSED_FUNCTION = YES;
				GCC_WARN_UNUSED_VARIABLE = YES;
				IPHONEOS_DEPLOYMENT_TARGET = 14.2;
				MTL_ENABLE_DEBUG_INFO = INCLUDE_SOURCE;
				MTL_FAST_MATH = YES;
				ONLY_ACTIVE_ARCH = YES;
				SDKROOT = iphoneos;
				SWIFT_ACTIVE_COMPILATION_CONDITIONS = DEBUG;
				SWIFT_OPTIMIZATION_LEVEL = "-Onone";
			};
			name = Debug;
		};
		F0E22CDF257ABDF300D7A499 /* Release */ = {
			isa = XCBuildConfiguration;
			buildSettings = {
				ALWAYS_SEARCH_USER_PATHS = NO;
				CLANG_ANALYZER_NONNULL = YES;
				CLANG_ANALYZER_NUMBER_OBJECT_CONVERSION = YES_AGGRESSIVE;
				CLANG_CXX_LANGUAGE_STANDARD = "gnu++14";
				CLANG_CXX_LIBRARY = "libc++";
				CLANG_ENABLE_MODULES = YES;
				CLANG_ENABLE_OBJC_ARC = YES;
				CLANG_ENABLE_OBJC_WEAK = YES;
				CLANG_WARN_BLOCK_CAPTURE_AUTORELEASING = YES;
				CLANG_WARN_BOOL_CONVERSION = YES;
				CLANG_WARN_COMMA = YES;
				CLANG_WARN_CONSTANT_CONVERSION = YES;
				CLANG_WARN_DEPRECATED_OBJC_IMPLEMENTATIONS = YES;
				CLANG_WARN_DIRECT_OBJC_ISA_USAGE = YES_ERROR;
				CLANG_WARN_DOCUMENTATION_COMMENTS = YES;
				CLANG_WARN_EMPTY_BODY = YES;
				CLANG_WARN_ENUM_CONVERSION = YES;
				CLANG_WARN_INFINITE_RECURSION = YES;
				CLANG_WARN_INT_CONVERSION = YES;
				CLANG_WARN_NON_LITERAL_NULL_CONVERSION = YES;
				CLANG_WARN_OBJC_IMPLICIT_RETAIN_SELF = YES;
				CLANG_WARN_OBJC_LITERAL_CONVERSION = YES;
				CLANG_WARN_OBJC_ROOT_CLASS = YES_ERROR;
				CLANG_WARN_QUOTED_INCLUDE_IN_FRAMEWORK_HEADER = YES;
				CLANG_WARN_RANGE_LOOP_ANALYSIS = YES;
				CLANG_WARN_STRICT_PROTOTYPES = YES;
				CLANG_WARN_SUSPICIOUS_MOVE = YES;
				CLANG_WARN_UNGUARDED_AVAILABILITY = YES_AGGRESSIVE;
				CLANG_WARN_UNREACHABLE_CODE = YES;
				CLANG_WARN__DUPLICATE_METHOD_MATCH = YES;
				COPY_PHASE_STRIP = NO;
				DEBUG_INFORMATION_FORMAT = "dwarf-with-dsym";
				ENABLE_NS_ASSERTIONS = NO;
				ENABLE_STRICT_OBJC_MSGSEND = YES;
				GCC_C_LANGUAGE_STANDARD = gnu11;
				GCC_NO_COMMON_BLOCKS = YES;
				GCC_WARN_64_TO_32_BIT_CONVERSION = YES;
				GCC_WARN_ABOUT_RETURN_TYPE = YES_ERROR;
				GCC_WARN_UNDECLARED_SELECTOR = YES;
				GCC_WARN_UNINITIALIZED_AUTOS = YES_AGGRESSIVE;
				GCC_WARN_UNUSED_FUNCTION = YES;
				GCC_WARN_UNUSED_VARIABLE = YES;
				IPHONEOS_DEPLOYMENT_TARGET = 14.2;
				MTL_ENABLE_DEBUG_INFO = NO;
				MTL_FAST_MATH = YES;
				SDKROOT = iphoneos;
				SWIFT_COMPILATION_MODE = wholemodule;
				SWIFT_OPTIMIZATION_LEVEL = "-O";
				VALIDATE_PRODUCT = YES;
			};
			name = Release;
		};
		F0E22CE1257ABDF300D7A499 /* Debug */ = {
			isa = XCBuildConfiguration;
			buildSettings = {
				ASSETCATALOG_COMPILER_APPICON_NAME = AppIcon;
				ASSETCATALOG_COMPILER_GLOBAL_ACCENT_COLOR_NAME = AccentColor;
				CODE_SIGN_ENTITLEMENTS = H4X0R_News/H4X0R_News.entitlements;
				CODE_SIGN_STYLE = Automatic;
				DEVELOPMENT_ASSET_PATHS = "\"H4X0R_News/Preview Content\"";
				DEVELOPMENT_TEAM = V4H8WGK6Y5;
				ENABLE_PREVIEWS = YES;
				INFOPLIST_FILE = H4X0R_News/Info.plist;
				LD_RUNPATH_SEARCH_PATHS = (
					"$(inherited)",
					"@executable_path/Frameworks",
				);
				PRODUCT_BUNDLE_IDENTIFIER = "kmitina.H4X0R-News";
				PRODUCT_NAME = "$(TARGET_NAME)";
				SUPPORTS_MACCATALYST = YES;
				SWIFT_VERSION = 5.0;
				TARGETED_DEVICE_FAMILY = "1,2";
			};
			name = Debug;
		};
		F0E22CE2257ABDF300D7A499 /* Release */ = {
			isa = XCBuildConfiguration;
			buildSettings = {
				ASSETCATALOG_COMPILER_APPICON_NAME = AppIcon;
				ASSETCATALOG_COMPILER_GLOBAL_ACCENT_COLOR_NAME = AccentColor;
				CODE_SIGN_ENTITLEMENTS = H4X0R_News/H4X0R_News.entitlements;
				CODE_SIGN_STYLE = Automatic;
				DEVELOPMENT_ASSET_PATHS = "\"H4X0R_News/Preview Content\"";
				DEVELOPMENT_TEAM = V4H8WGK6Y5;
				ENABLE_PREVIEWS = YES;
				INFOPLIST_FILE = H4X0R_News/Info.plist;
				LD_RUNPATH_SEARCH_PATHS = (
					"$(inherited)",
					"@executable_path/Frameworks",
				);
				PRODUCT_BUNDLE_IDENTIFIER = "kmitina.H4X0R-News";
				PRODUCT_NAME = "$(TARGET_NAME)";
				SUPPORTS_MACCATALYST = YES;
				SWIFT_VERSION = 5.0;
				TARGETED_DEVICE_FAMILY = "1,2";
			};
			name = Release;
		};
/* End XCBuildConfiguration section */

/* Begin XCConfigurationList section */
		F0E22CC7257ABDF200D7A499 /* Build configuration list for PBXProject "H4X0R_News" */ = {
			isa = XCConfigurationList;
			buildConfigurations = (
				F0E22CDE257ABDF300D7A499 /* Debug */,
				F0E22CDF257ABDF300D7A499 /* Release */,
			);
			defaultConfigurationIsVisible = 0;
			defaultConfigurationName = Release;
		};
		F0E22CE0257ABDF300D7A499 /* Build configuration list for PBXNativeTarget "H4X0R_News" */ = {
			isa = XCConfigurationList;
			buildConfigurations = (
				F0E22CE1257ABDF300D7A499 /* Debug */,
				F0E22CE2257ABDF300D7A499 /* Release */,
			);
			defaultConfigurationIsVisible = 0;
			defaultConfigurationName = Release;
		};
/* End XCConfigurationList section */
	};
	rootObject = F0E22CC4257ABDF200D7A499 /* Project object */;
}
